// !$*UTF8*$!
{
	archiveVersion = 1;
	classes = {
	};
	objectVersion = 56;
	objects = {

/* Begin PBXFileReference section */
		BAED1BA029750C2A00BC97E7 /* .DS_Store */ = {isa = PBXFileReference; lastKnownFileType = file; path = .DS_Store; sourceTree = "<group>"; };
		BAED1BA129750C2A00BC97E7 /* CSE 167 Starter Code Setup for Mac.pdf */ = {isa = PBXFileReference; lastKnownFileType = image.pdf; path = "CSE 167 Starter Code Setup for Mac.pdf"; sourceTree = "<group>"; };
		BAED1BA229750C2A00BC97E7 /* Makefile */ = {isa = PBXFileReference; lastKnownFileType = sourcecode.make; path = Makefile; sourceTree = "<group>"; };
		BAED1BA329750C2A00BC97E7 /* libinstall.sh */ = {isa = PBXFileReference; lastKnownFileType = text.script.sh; path = libinstall.sh; sourceTree = "<group>"; };
/* End PBXFileReference section */

/* Begin PBXGroup section */
		BAED1B9A29750C2A00BC97E7 = {
			isa = PBXGroup;
			children = (
				BAED1BA029750C2A00BC97E7 /* .DS_Store */,
				BAED1BA129750C2A00BC97E7 /* CSE 167 Starter Code Setup for Mac.pdf */,
				BAED1BA229750C2A00BC97E7 /* Makefile */,
				BAED1BA329750C2A00BC97E7 /* libinstall.sh */,
			);
			sourceTree = "<group>";
		};
/* End PBXGroup section */

/* Begin PBXLegacyTarget section */
		BAED1B9F29750C2A00BC97E7 /* AdditionalFilesHW0 */ = {
			isa = PBXLegacyTarget;
			buildArgumentsString = "$(ACTION)";
			buildConfigurationList = BAED1BA429750C2A00BC97E7 /* Build configuration list for PBXLegacyTarget "AdditionalFilesHW0" */;
			buildPhases = (
			);
			buildToolPath = /usr/bin/make;
			buildWorkingDirectory = "/Users/zhizhenyu/code/CSE167/hw0-linux_osx/AdditionalFilesHW0";
			dependencies = (
			);
			name = AdditionalFilesHW0;
			passBuildSettingsInEnvironment = 1;
			productName = AdditionalFilesHW0;
		};
/* End PBXLegacyTarget section */

/* Begin PBXProject section */
		BAED1B9B29750C2A00BC97E7 /* Project object */ = {
			isa = PBXProject;
			attributes = {
				BuildIndependentTargetsInParallel = 1;
			};
			buildConfigurationList = BAED1B9E29750C2A00BC97E7 /* Build configuration list for PBXProject "AdditionalFilesHW0" */;
			compatibilityVersion = "Xcode 14.0";
			developmentRegion = en;
			hasScannedForEncodings = 0;
			knownRegions = (
				en,
				Base,
			);
			mainGroup = BAED1B9A29750C2A00BC97E7;
			projectDirPath = "";
			projectRoot = "";
			targets = (
				BAED1B9F29750C2A00BC97E7 /* AdditionalFilesHW0 */,
			);
		};
/* End PBXProject section */

/* Begin XCBuildConfiguration section */
		BAED1B9C29750C2A00BC97E7 /* Debug */ = {
			isa = XCBuildConfiguration;
			buildSettings = {
				ARCHS = "$(ARCHS_STANDARD_32_BIT)";
				COPY_PHASE_STRIP = NO;
				GCC_WARN_ABOUT_RETURN_TYPE = YES;
				GCC_WARN_UNUSED_VARIABLE = YES;
				ONLY_ACTIVE_ARCH = YES;
				SDKROOT = macosx10.6;
			};
			name = Debug;
		};
		BAED1B9D29750C2A00BC97E7 /* Release */ = {
			isa = XCBuildConfiguration;
			buildSettings = {
				ARCHS = "$(ARCHS_STANDARD_32_BIT)";
				COPY_PHASE_STRIP = YES;
				GCC_WARN_ABOUT_RETURN_TYPE = YES;
				GCC_WARN_UNUSED_VARIABLE = YES;
				SDKROOT = macosx10.6;
			};
			name = Release;
		};
		BAED1BA529750C2A00BC97E7 /* Debug */ = {
			isa = XCBuildConfiguration;
			buildSettings = {
				COPY_PHASE_STRIP = NO;
				DEBUGGING_SYMBOLS = YES;
				GCC_DYNAMIC_NO_PIC = NO;
				GCC_ENABLE_FIX_AND_CONTINUE = YES;
				GCC_GENERATE_DEBUGGING_SYMBOLS = YES;
				GCC_OPTIMIZATION_LEVEL = 0;
				OTHER_CFLAGS = "";
				OTHER_LDFLAGS = "";
				PRODUCT_NAME = AdditionalFilesHW0;
			};
			name = Debug;
		};
		BAED1BA629750C2A00BC97E7 /* Release */ = {
			isa = XCBuildConfiguration;
			buildSettings = {
				COPY_PHASE_STRIP = YES;
				DEBUG_INFORMATION_FORMAT = "dwarf-with-dsym";
				GCC_ENABLE_FIX_AND_CONTINUE = NO;
				OTHER_CFLAGS = "";
				OTHER_LDFLAGS = "";
				PRODUCT_NAME = AdditionalFilesHW0;
			};
			name = Release;
		};
/* End XCBuildConfiguration section */

/* Begin XCConfigurationList section */
		BAED1B9E29750C2A00BC97E7 /* Build configuration list for PBXProject "AdditionalFilesHW0" */ = {
			isa = XCConfigurationList;
			buildConfigurations = (
				BAED1B9C29750C2A00BC97E7 /* Debug */,
				BAED1B9D29750C2A00BC97E7 /* Release */,
			);
			defaultConfigurationIsVisible = 0;
			defaultConfigurationName = Release;
		};
		BAED1BA429750C2A00BC97E7 /* Build configuration list for PBXLegacyTarget "AdditionalFilesHW0" */ = {
			isa = XCConfigurationList;
			buildConfigurations = (
				BAED1BA529750C2A00BC97E7 /* Debug */,
				BAED1BA629750C2A00BC97E7 /* Release */,
			);
			defaultConfigurationIsVisible = 0;
			defaultConfigurationName = Release;
		};
/* End XCConfigurationList section */
	};
	rootObject = BAED1B9B29750C2A00BC97E7 /* Project object */;
}
